
Microsoft Visual Studio Solution File, Format Version 12.00
# Visual Studio Version 17
VisualStudioVersion = 17.0.32014.148
MinimumVisualStudioVersion = 10.0.40219.1
Project("{9A19103F-16F7-4668-BE54-9A1E7A4F7556}") = "IoMakerLib", "IoMakerLib\IoMakerLib.csproj", "{3A2EFEF9-938D-40EB-B17C-E2981239D182}"
EndProject
Project("{9A19103F-16F7-4668-BE54-9A1E7A4F7556}") = "AvaloniaMVVM", "AvaloniaMVVM\AvaloniaMVVM.csproj", "{0A99A568-FCC5-4592-9CC6-44D43F439A37}"
EndProject
Project("{FAE04EC0-301F-11D3-BF4B-00C04F79EFBC}") = "IoMakerGUI", "IoMakerGUI\IoMakerGUI.csproj", "{DE285756-CC67-47FA-AB18-418F55E3143F}"
	ProjectSection(ProjectDependencies) = postProject
		{3A2EFEF9-938D-40EB-B17C-E2981239D182} = {3A2EFEF9-938D-40EB-B17C-E2981239D182}
	EndProjectSection
EndProject
Global
	GlobalSection(SolutionConfigurationPlatforms) = preSolution
		Debug|Any CPU = Debug|Any CPU
		Release|Any CPU = Release|Any CPU
	EndGlobalSection
	GlobalSection(ProjectConfigurationPlatforms) = postSolution
		{3A2EFEF9-938D-40EB-B17C-E2981239D182}.Debug|Any CPU.ActiveCfg = Debug|Any CPU
		{3A2EFEF9-938D-40EB-B17C-E2981239D182}.Debug|Any CPU.Build.0 = Debug|Any CPU
		{3A2EFEF9-938D-40EB-B17C-E2981239D182}.Release|Any CPU.ActiveCfg = Release|Any CPU
		{3A2EFEF9-938D-40EB-B17C-E2981239D182}.Release|Any CPU.Build.0 = Release|Any CPU
		{0A99A568-FCC5-4592-9CC6-44D43F439A37}.Debug|Any CPU.ActiveCfg = Debug|Any CPU
		{0A99A568-FCC5-4592-9CC6-44D43F439A37}.Debug|Any CPU.Build.0 = Debug|Any CPU
		{0A99A568-FCC5-4592-9CC6-44D43F439A37}.Release|Any CPU.ActiveCfg = Release|Any CPU
		{0A99A568-FCC5-4592-9CC6-44D43F439A37}.Release|Any CPU.Build.0 = Release|Any CPU
		{DE285756-CC67-47FA-AB18-418F55E3143F}.Debug|Any CPU.ActiveCfg = Debug|Any CPU
		{DE285756-CC67-47FA-AB18-418F55E3143F}.Debug|Any CPU.Build.0 = Debug|Any CPU
		{DE285756-CC67-47FA-AB18-418F55E3143F}.Release|Any CPU.ActiveCfg = Release|Any CPU
		{DE285756-CC67-47FA-AB18-418F55E3143F}.Release|Any CPU.Build.0 = Release|Any CPU
	EndGlobalSection
	GlobalSection(SolutionProperties) = preSolution
		HideSolutionNode = FALSE
	EndGlobalSection
	GlobalSection(ExtensibilityGlobals) = postSolution
		SolutionGuid = {FCE22743-F632-49B9-8F0F-AEB14A2F718C}
	EndGlobalSection
EndGlobal
